
Microsoft Visual Studio Solution File, Format Version 12.00
# Visual Studio 2015
Project("{FAE04EC0-301F-11D3-BF4B-00C04F79EFBC}") = "DieHardGolf.CSharp.Plugins", "DieHardGolf.CSharp.Plugins.csproj", "{60E51DC5-9973-930F-7BCB-2342C2D2CCFE}"
EndProject
Project("{FAE04EC0-301F-11D3-BF4B-00C04F79EFBC}") = "DieHardGolf.CSharp", "DieHardGolf.CSharp.csproj", "{DD14487A-5791-55E8-6F74-F814D5B5F024}"
EndProject
Project("{FAE04EC0-301F-11D3-BF4B-00C04F79EFBC}") = "DieHardGolf.CSharp.Editor.Plugins", "DieHardGolf.CSharp.Editor.Plugins.csproj", "{3FCE5B91-8967-5E63-01FA-39B2DEBB6C6E}"
EndProject
Project("{FAE04EC0-301F-11D3-BF4B-00C04F79EFBC}") = "DieHardGolf.CSharp.Editor", "DieHardGolf.CSharp.Editor.csproj", "{BACB5527-8F2A-8D86-EDAB-8519B25CA992}"
EndProject
Global
	GlobalSection(SolutionConfigurationPlatforms) = preSolution
		Debug|Any CPU = Debug|Any CPU
		Release|Any CPU = Release|Any CPU
	EndGlobalSection
	GlobalSection(ProjectConfigurationPlatforms) = postSolution
		{60E51DC5-9973-930F-7BCB-2342C2D2CCFE}.Debug|Any CPU.ActiveCfg = Debug|Any CPU
		{60E51DC5-9973-930F-7BCB-2342C2D2CCFE}.Debug|Any CPU.Build.0 = Debug|Any CPU
		{60E51DC5-9973-930F-7BCB-2342C2D2CCFE}.Release|Any CPU.ActiveCfg = Release|Any CPU
		{60E51DC5-9973-930F-7BCB-2342C2D2CCFE}.Release|Any CPU.Build.0 = Release|Any CPU
		{DD14487A-5791-55E8-6F74-F814D5B5F024}.Debug|Any CPU.ActiveCfg = Debug|Any CPU
		{DD14487A-5791-55E8-6F74-F814D5B5F024}.Debug|Any CPU.Build.0 = Debug|Any CPU
		{DD14487A-5791-55E8-6F74-F814D5B5F024}.Release|Any CPU.ActiveCfg = Release|Any CPU
		{DD14487A-5791-55E8-6F74-F814D5B5F024}.Release|Any CPU.Build.0 = Release|Any CPU
		{3FCE5B91-8967-5E63-01FA-39B2DEBB6C6E}.Debug|Any CPU.ActiveCfg = Debug|Any CPU
		{3FCE5B91-8967-5E63-01FA-39B2DEBB6C6E}.Debug|Any CPU.Build.0 = Debug|Any CPU
		{3FCE5B91-8967-5E63-01FA-39B2DEBB6C6E}.Release|Any CPU.ActiveCfg = Release|Any CPU
		{3FCE5B91-8967-5E63-01FA-39B2DEBB6C6E}.Release|Any CPU.Build.0 = Release|Any CPU
		{BACB5527-8F2A-8D86-EDAB-8519B25CA992}.Debug|Any CPU.ActiveCfg = Debug|Any CPU
		{BACB5527-8F2A-8D86-EDAB-8519B25CA992}.Debug|Any CPU.Build.0 = Debug|Any CPU
		{BACB5527-8F2A-8D86-EDAB-8519B25CA992}.Release|Any CPU.ActiveCfg = Release|Any CPU
		{BACB5527-8F2A-8D86-EDAB-8519B25CA992}.Release|Any CPU.Build.0 = Release|Any CPU
	EndGlobalSection
	GlobalSection(SolutionProperties) = preSolution
		HideSolutionNode = FALSE
	EndGlobalSection
EndGlobal
